
Microsoft Visual Studio Solution File, Format Version 12.00
# Visual Studio Version 17
VisualStudioVersion = 17.1.32319.34
MinimumVisualStudioVersion = 10.0.40219.1
Project("{888888A0-9F3D-457C-B088-3A5042F75D52}") = "Project-BSDS-V43", "Project-BSDS-V43.pyproj", "{0FB17E43-0C25-4E4B-A50A-6B0EA1756EB6}"
EndProject
Global
	GlobalSection(SolutionConfigurationPlatforms) = preSolution
		Debug|Any CPU = Debug|Any CPU
		Release|Any CPU = Release|Any CPU
	EndGlobalSection
	GlobalSection(ProjectConfigurationPlatforms) = postSolution
		{0FB17E43-0C25-4E4B-A50A-6B0EA1756EB6}.Debug|Any CPU.ActiveCfg = Debug|Any CPU
		{0FB17E43-0C25-4E4B-A50A-6B0EA1756EB6}.Release|Any CPU.ActiveCfg = Release|Any CPU
	EndGlobalSection
	GlobalSection(SolutionProperties) = preSolution
		HideSolutionNode = FALSE
	EndGlobalSection
	GlobalSection(ExtensibilityGlobals) = postSolution
		SolutionGuid = {4D21E194-8967-47D6-8680-D40C2B9702E2}
	EndGlobalSection
EndGlobal
